// !$*UTF8*$!
{
	archiveVersion = 1;
	classes = {
	};
	objectVersion = 50;
	objects = {

/* Begin PBXBuildFile section */
		B411609C239148EE007D8B42 /* AppDelegate.swift in Sources */ = {isa = PBXBuildFile; fileRef = B411609B239148EE007D8B42 /* AppDelegate.swift */; };
		B411609E239148EE007D8B42 /* SceneDelegate.swift in Sources */ = {isa = PBXBuildFile; fileRef = B411609D239148EE007D8B42 /* SceneDelegate.swift */; };
		B41160A3239148EE007D8B42 /* Main.storyboard in Resources */ = {isa = PBXBuildFile; fileRef = B41160A1239148EE007D8B42 /* Main.storyboard */; };
		B41160A5239148EF007D8B42 /* Assets.xcassets in Resources */ = {isa = PBXBuildFile; fileRef = B41160A4239148EF007D8B42 /* Assets.xcassets */; };
		B41160A8239148EF007D8B42 /* LaunchScreen.storyboard in Resources */ = {isa = PBXBuildFile; fileRef = B41160A6239148EF007D8B42 /* LaunchScreen.storyboard */; };
		B41CF93923E21131005388B4 /* StackView.swift in Sources */ = {isa = PBXBuildFile; fileRef = B41CF93823E21131005388B4 /* StackView.swift */; };
		B41CF93B23E212CC005388B4 /* Lesson.storyboard in Resources */ = {isa = PBXBuildFile; fileRef = B41CF93A23E212CC005388B4 /* Lesson.storyboard */; };
		B41CF94123E21509005388B4 /* QuizViewController.swift in Sources */ = {isa = PBXBuildFile; fileRef = B41CF94023E21509005388B4 /* QuizViewController.swift */; };
		B41CF94923E21EC3005388B4 /* LessonSelectViewController.swift in Sources */ = {isa = PBXBuildFile; fileRef = B41CF94823E21EC3005388B4 /* LessonSelectViewController.swift */; };
		B41CF94B23E21F06005388B4 /* LessonTableViewController.swift in Sources */ = {isa = PBXBuildFile; fileRef = B41CF94A23E21F06005388B4 /* LessonTableViewController.swift */; };
		B41CF94D23E21F4B005388B4 /* LessonContentViewController.swift in Sources */ = {isa = PBXBuildFile; fileRef = B41CF94C23E21F4B005388B4 /* LessonContentViewController.swift */; };
		B43C20AA23D50BB600A4FA9D /* Friends.swift in Sources */ = {isa = PBXBuildFile; fileRef = B43C20A923D50BB600A4FA9D /* Friends.swift */; };
		B44102F423D8E3830095F910 /* Friends.storyboard in Resources */ = {isa = PBXBuildFile; fileRef = B44102F323D8E3830095F910 /* Friends.storyboard */; };
		B44102F623D8E43E0095F910 /* Groups.storyboard in Resources */ = {isa = PBXBuildFile; fileRef = B44102F523D8E43E0095F910 /* Groups.storyboard */; };
		B44102F823D8E44B0095F910 /* Messages.storyboard in Resources */ = {isa = PBXBuildFile; fileRef = B44102F723D8E44B0095F910 /* Messages.storyboard */; };
		B4413EAD23BE71F200951812 /* NetworkingService.swift in Sources */ = {isa = PBXBuildFile; fileRef = B4413EAC23BE71F200951812 /* NetworkingService.swift */; };
		B44F582723CBCA52007935D2 /* Profile.storyboard in Resources */ = {isa = PBXBuildFile; fileRef = B44F582623CBCA52007935D2 /* Profile.storyboard */; };
		B45220F923CF9981006F247D /* TabBarController.swift in Sources */ = {isa = PBXBuildFile; fileRef = B45220F823CF9981006F247D /* TabBarController.swift */; };
		B45220FB23CF9B11006F247D /* Profile.swift in Sources */ = {isa = PBXBuildFile; fileRef = B45220FA23CF9B11006F247D /* Profile.swift */; };
		B452592423CA560200B9E63C /* Social.storyboard in Resources */ = {isa = PBXBuildFile; fileRef = B452592323CA560200B9E63C /* Social.storyboard */; };
		B452592623CA61D400B9E63C /* Home.storyboard in Resources */ = {isa = PBXBuildFile; fileRef = B452592523CA61D400B9E63C /* Home.storyboard */; };
		B452592823CA61E500B9E63C /* Learn.storyboard in Resources */ = {isa = PBXBuildFile; fileRef = B452592723CA61E500B9E63C /* Learn.storyboard */; };
		B452592A23CA61F300B9E63C /* Challenge.storyboard in Resources */ = {isa = PBXBuildFile; fileRef = B452592923CA61F300B9E63C /* Challenge.storyboard */; };
		B455470723D9D14700A5C482 /* SearchFriendViewController.swift in Sources */ = {isa = PBXBuildFile; fileRef = B455470623D9D14700A5C482 /* SearchFriendViewController.swift */; };
		B455470923D9D16600A5C482 /* FriendProfileViewController.swift in Sources */ = {isa = PBXBuildFile; fileRef = B455470823D9D16600A5C482 /* FriendProfileViewController.swift */; };
		B461BA6C23D27D06005B3065 /* ChangeUsernameViewController.swift in Sources */ = {isa = PBXBuildFile; fileRef = B461BA6B23D27D06005B3065 /* ChangeUsernameViewController.swift */; };
		B461BA6E23D2910D005B3065 /* ProfileNavigationController.swift in Sources */ = {isa = PBXBuildFile; fileRef = B461BA6D23D2910D005B3065 /* ProfileNavigationController.swift */; };
		B467BF1D23E0E34000C55FCD /* LessonButton.swift in Sources */ = {isa = PBXBuildFile; fileRef = B467BF1C23E0E34000C55FCD /* LessonButton.swift */; };
		B473073E23D7ACF400B31D0F /* FriendsViewController.swift in Sources */ = {isa = PBXBuildFile; fileRef = B473073D23D7ACF400B31D0F /* FriendsViewController.swift */; };
		B4754EE723DB05E000F318D9 /* FriendAcceptViewController.swift in Sources */ = {isa = PBXBuildFile; fileRef = B4754EE623DB05E000F318D9 /* FriendAcceptViewController.swift */; };
		B4773E0B23C6627900EC3026 /* AlertService.swift in Sources */ = {isa = PBXBuildFile; fileRef = B4773E0A23C6627900EC3026 /* AlertService.swift */; };
		B4773E0F23C66D8100EC3026 /* RegistrationViewController.swift in Sources */ = {isa = PBXBuildFile; fileRef = B4773E0E23C66D8100EC3026 /* RegistrationViewController.swift */; };
		B4888C0C23BE9FE8002AC424 /* LoginViewController.swift in Sources */ = {isa = PBXBuildFile; fileRef = B4888C0B23BE9FE8002AC424 /* LoginViewController.swift */; };
		B4888C0E23BEA36E002AC424 /* User.swift in Sources */ = {isa = PBXBuildFile; fileRef = B4888C0D23BEA36E002AC424 /* User.swift */; };
		B4888C1023BEA8D6002AC424 /* ErrorResponse.swift in Sources */ = {isa = PBXBuildFile; fileRef = B4888C0F23BEA8D6002AC424 /* ErrorResponse.swift */; };
		B4D4B56E23D471C800F7EE1A /* ChangeAboutViewController.swift in Sources */ = {isa = PBXBuildFile; fileRef = B4D4B56D23D471C800F7EE1A /* ChangeAboutViewController.swift */; };
		B4E695F423CE484F00B15D27 /* ProfileViewController.swift in Sources */ = {isa = PBXBuildFile; fileRef = B4E695F323CE484F00B15D27 /* ProfileViewController.swift */; };
		B4E695F623CE4A0A00B15D27 /* HomeViewController.swift in Sources */ = {isa = PBXBuildFile; fileRef = B4E695F523CE4A0A00B15D27 /* HomeViewController.swift */; };
		B4E695F823CE4A2300B15D27 /* LearnViewController.swift in Sources */ = {isa = PBXBuildFile; fileRef = B4E695F723CE4A2300B15D27 /* LearnViewController.swift */; };
		B4E695FA23CE4A3400B15D27 /* ChallengeViewController.swift in Sources */ = {isa = PBXBuildFile; fileRef = B4E695F923CE4A3400B15D27 /* ChallengeViewController.swift */; };
		B4E695FC23CE4A5100B15D27 /* SocialViewController.swift in Sources */ = {isa = PBXBuildFile; fileRef = B4E695FB23CE4A5100B15D27 /* SocialViewController.swift */; };
		B4E695FE23CE50C300B15D27 /* Settings.storyboard in Resources */ = {isa = PBXBuildFile; fileRef = B4E695FD23CE50C300B15D27 /* Settings.storyboard */; };
		B4E6960023CE51B000B15D27 /* SettingsViewController.swift in Sources */ = {isa = PBXBuildFile; fileRef = B4E695FF23CE51B000B15D27 /* SettingsViewController.swift */; };
		B4EDD11123DDB40E00FD4EF0 /* MessagesViewController.swift in Sources */ = {isa = PBXBuildFile; fileRef = B4EDD11023DDB40E00FD4EF0 /* MessagesViewController.swift */; };
		B4EDD11323DDBF8800FD4EF0 /* Messages.swift in Sources */ = {isa = PBXBuildFile; fileRef = B4EDD11223DDBF8800FD4EF0 /* Messages.swift */; };
		B4EDD11523DDD0D000FD4EF0 /* MessageViewController.swift in Sources */ = {isa = PBXBuildFile; fileRef = B4EDD11423DDD0D000FD4EF0 /* MessageViewController.swift */; };
		B4EDD11723DE02CF00FD4EF0 /* ComposeViewController.swift in Sources */ = {isa = PBXBuildFile; fileRef = B4EDD11623DE02CF00FD4EF0 /* ComposeViewController.swift */; };
		B4F2E8CE23DA74400011CD5E /* FriendAddViewController.swift in Sources */ = {isa = PBXBuildFile; fileRef = B4F2E8CD23DA74400011CD5E /* FriendAddViewController.swift */; };
/* End PBXBuildFile section */

/* Begin PBXFileReference section */
		B4116098239148EE007D8B42 /* Dysgu.app */ = {isa = PBXFileReference; explicitFileType = wrapper.application; includeInIndex = 0; path = Dysgu.app; sourceTree = BUILT_PRODUCTS_DIR; };
		B411609B239148EE007D8B42 /* AppDelegate.swift */ = {isa = PBXFileReference; lastKnownFileType = sourcecode.swift; path = AppDelegate.swift; sourceTree = "<group>"; };
		B411609D239148EE007D8B42 /* SceneDelegate.swift */ = {isa = PBXFileReference; lastKnownFileType = sourcecode.swift; path = SceneDelegate.swift; sourceTree = "<group>"; };
		B41160A2239148EE007D8B42 /* Base */ = {isa = PBXFileReference; lastKnownFileType = file.storyboard; name = Base; path = Base.lproj/Main.storyboard; sourceTree = "<group>"; };
		B41160A4239148EF007D8B42 /* Assets.xcassets */ = {isa = PBXFileReference; lastKnownFileType = folder.assetcatalog; path = Assets.xcassets; sourceTree = "<group>"; };
		B41160A7239148EF007D8B42 /* Base */ = {isa = PBXFileReference; lastKnownFileType = file.storyboard; name = Base; path = Base.lproj/LaunchScreen.storyboard; sourceTree = "<group>"; };
		B41160A9239148EF007D8B42 /* Info.plist */ = {isa = PBXFileReference; lastKnownFileType = text.plist.xml; path = Info.plist; sourceTree = "<group>"; };
		B41CF93823E21131005388B4 /* StackView.swift */ = {isa = PBXFileReference; lastKnownFileType = sourcecode.swift; path = StackView.swift; sourceTree = "<group>"; };
		B41CF93A23E212CC005388B4 /* Lesson.storyboard */ = {isa = PBXFileReference; lastKnownFileType = file.storyboard; path = Lesson.storyboard; sourceTree = "<group>"; };
		B41CF94023E21509005388B4 /* QuizViewController.swift */ = {isa = PBXFileReference; lastKnownFileType = sourcecode.swift; path = QuizViewController.swift; sourceTree = "<group>"; };
		B41CF94823E21EC3005388B4 /* LessonSelectViewController.swift */ = {isa = PBXFileReference; lastKnownFileType = sourcecode.swift; path = LessonSelectViewController.swift; sourceTree = "<group>"; };
		B41CF94A23E21F06005388B4 /* LessonTableViewController.swift */ = {isa = PBXFileReference; lastKnownFileType = sourcecode.swift; path = LessonTableViewController.swift; sourceTree = "<group>"; };
		B41CF94C23E21F4B005388B4 /* LessonContentViewController.swift */ = {isa = PBXFileReference; lastKnownFileType = sourcecode.swift; path = LessonContentViewController.swift; sourceTree = "<group>"; };
		B43C20A923D50BB600A4FA9D /* Friends.swift */ = {isa = PBXFileReference; lastKnownFileType = sourcecode.swift; path = Friends.swift; sourceTree = "<group>"; };
		B44102F323D8E3830095F910 /* Friends.storyboard */ = {isa = PBXFileReference; lastKnownFileType = file.storyboard; path = Friends.storyboard; sourceTree = "<group>"; };
		B44102F523D8E43E0095F910 /* Groups.storyboard */ = {isa = PBXFileReference; lastKnownFileType = file.storyboard; path = Groups.storyboard; sourceTree = "<group>"; };
		B44102F723D8E44B0095F910 /* Messages.storyboard */ = {isa = PBXFileReference; lastKnownFileType = file.storyboard; path = Messages.storyboard; sourceTree = "<group>"; };
		B4413EAC23BE71F200951812 /* NetworkingService.swift */ = {isa = PBXFileReference; lastKnownFileType = sourcecode.swift; path = NetworkingService.swift; sourceTree = "<group>"; };
		B44F582623CBCA52007935D2 /* Profile.storyboard */ = {isa = PBXFileReference; lastKnownFileType = file.storyboard; path = Profile.storyboard; sourceTree = "<group>"; };
		B45220F823CF9981006F247D /* TabBarController.swift */ = {isa = PBXFileReference; lastKnownFileType = sourcecode.swift; path = TabBarController.swift; sourceTree = "<group>"; };
		B45220FA23CF9B11006F247D /* Profile.swift */ = {isa = PBXFileReference; lastKnownFileType = sourcecode.swift; path = Profile.swift; sourceTree = "<group>"; };
		B452592323CA560200B9E63C /* Social.storyboard */ = {isa = PBXFileReference; lastKnownFileType = file.storyboard; path = Social.storyboard; sourceTree = "<group>"; };
		B452592523CA61D400B9E63C /* Home.storyboard */ = {isa = PBXFileReference; lastKnownFileType = file.storyboard; path = Home.storyboard; sourceTree = "<group>"; };
		B452592723CA61E500B9E63C /* Learn.storyboard */ = {isa = PBXFileReference; lastKnownFileType = file.storyboard; path = Learn.storyboard; sourceTree = "<group>"; };
		B452592923CA61F300B9E63C /* Challenge.storyboard */ = {isa = PBXFileReference; lastKnownFileType = file.storyboard; path = Challenge.storyboard; sourceTree = "<group>"; };
		B455470623D9D14700A5C482 /* SearchFriendViewController.swift */ = {isa = PBXFileReference; lastKnownFileType = sourcecode.swift; path = SearchFriendViewController.swift; sourceTree = "<group>"; };
		B455470823D9D16600A5C482 /* FriendProfileViewController.swift */ = {isa = PBXFileReference; lastKnownFileType = sourcecode.swift; path = FriendProfileViewController.swift; sourceTree = "<group>"; };
		B461BA6B23D27D06005B3065 /* ChangeUsernameViewController.swift */ = {isa = PBXFileReference; lastKnownFileType = sourcecode.swift; name = ChangeUsernameViewController.swift; path = Dysgu/ViewControllerScripts/Profile/ChangeUsernameViewController.swift; sourceTree = SOURCE_ROOT; };
		B461BA6D23D2910D005B3065 /* ProfileNavigationController.swift */ = {isa = PBXFileReference; lastKnownFileType = sourcecode.swift; path = ProfileNavigationController.swift; sourceTree = "<group>"; };
		B467BF1C23E0E34000C55FCD /* LessonButton.swift */ = {isa = PBXFileReference; lastKnownFileType = sourcecode.swift; path = LessonButton.swift; sourceTree = "<group>"; };
		B473073D23D7ACF400B31D0F /* FriendsViewController.swift */ = {isa = PBXFileReference; lastKnownFileType = sourcecode.swift; path = FriendsViewController.swift; sourceTree = "<group>"; };
		B4754EE623DB05E000F318D9 /* FriendAcceptViewController.swift */ = {isa = PBXFileReference; lastKnownFileType = sourcecode.swift; path = FriendAcceptViewController.swift; sourceTree = "<group>"; };
		B4773E0A23C6627900EC3026 /* AlertService.swift */ = {isa = PBXFileReference; lastKnownFileType = sourcecode.swift; path = AlertService.swift; sourceTree = "<group>"; };
		B4773E0E23C66D8100EC3026 /* RegistrationViewController.swift */ = {isa = PBXFileReference; lastKnownFileType = sourcecode.swift; path = RegistrationViewController.swift; sourceTree = "<group>"; };
		B4888C0B23BE9FE8002AC424 /* LoginViewController.swift */ = {isa = PBXFileReference; lastKnownFileType = sourcecode.swift; path = LoginViewController.swift; sourceTree = "<group>"; };
		B4888C0D23BEA36E002AC424 /* User.swift */ = {isa = PBXFileReference; lastKnownFileType = sourcecode.swift; path = User.swift; sourceTree = "<group>"; };
		B4888C0F23BEA8D6002AC424 /* ErrorResponse.swift */ = {isa = PBXFileReference; lastKnownFileType = sourcecode.swift; path = ErrorResponse.swift; sourceTree = "<group>"; };
		B4D4B56D23D471C800F7EE1A /* ChangeAboutViewController.swift */ = {isa = PBXFileReference; lastKnownFileType = sourcecode.swift; path = ChangeAboutViewController.swift; sourceTree = "<group>"; };
		B4E695F323CE484F00B15D27 /* ProfileViewController.swift */ = {isa = PBXFileReference; lastKnownFileType = sourcecode.swift; path = ProfileViewController.swift; sourceTree = "<group>"; };
		B4E695F523CE4A0A00B15D27 /* HomeViewController.swift */ = {isa = PBXFileReference; lastKnownFileType = sourcecode.swift; name = HomeViewController.swift; path = Dysgu/ViewControllerScripts/Home/HomeViewController.swift; sourceTree = SOURCE_ROOT; };
		B4E695F723CE4A2300B15D27 /* LearnViewController.swift */ = {isa = PBXFileReference; lastKnownFileType = sourcecode.swift; path = LearnViewController.swift; sourceTree = "<group>"; };
		B4E695F923CE4A3400B15D27 /* ChallengeViewController.swift */ = {isa = PBXFileReference; lastKnownFileType = sourcecode.swift; path = ChallengeViewController.swift; sourceTree = "<group>"; };
		B4E695FB23CE4A5100B15D27 /* SocialViewController.swift */ = {isa = PBXFileReference; lastKnownFileType = sourcecode.swift; path = SocialViewController.swift; sourceTree = "<group>"; };
		B4E695FD23CE50C300B15D27 /* Settings.storyboard */ = {isa = PBXFileReference; lastKnownFileType = file.storyboard; path = Settings.storyboard; sourceTree = "<group>"; };
		B4E695FF23CE51B000B15D27 /* SettingsViewController.swift */ = {isa = PBXFileReference; lastKnownFileType = sourcecode.swift; name = SettingsViewController.swift; path = Dysgu/ViewControllerScripts/Settings/SettingsViewController.swift; sourceTree = SOURCE_ROOT; };
		B4EDD11023DDB40E00FD4EF0 /* MessagesViewController.swift */ = {isa = PBXFileReference; lastKnownFileType = sourcecode.swift; path = MessagesViewController.swift; sourceTree = "<group>"; };
		B4EDD11223DDBF8800FD4EF0 /* Messages.swift */ = {isa = PBXFileReference; lastKnownFileType = sourcecode.swift; path = Messages.swift; sourceTree = "<group>"; };
		B4EDD11423DDD0D000FD4EF0 /* MessageViewController.swift */ = {isa = PBXFileReference; lastKnownFileType = sourcecode.swift; name = MessageViewController.swift; path = Dysgu/ViewControllerScripts/Social/Messages/MessageViewController.swift; sourceTree = SOURCE_ROOT; };
		B4EDD11623DE02CF00FD4EF0 /* ComposeViewController.swift */ = {isa = PBXFileReference; lastKnownFileType = sourcecode.swift; name = ComposeViewController.swift; path = Dysgu/ViewControllerScripts/Social/Messages/ComposeViewController.swift; sourceTree = SOURCE_ROOT; };
		B4F2E8CD23DA74400011CD5E /* FriendAddViewController.swift */ = {isa = PBXFileReference; lastKnownFileType = sourcecode.swift; path = FriendAddViewController.swift; sourceTree = "<group>"; };
/* End PBXFileReference section */

/* Begin PBXFrameworksBuildPhase section */
		B4116095239148EE007D8B42 /* Frameworks */ = {
			isa = PBXFrameworksBuildPhase;
			buildActionMask = 2147483647;
			files = (
			);
			runOnlyForDeploymentPostprocessing = 0;
		};
/* End PBXFrameworksBuildPhase section */

/* Begin PBXGroup section */
		B411608F239148EE007D8B42 = {
			isa = PBXGroup;
			children = (
				B411609A239148EE007D8B42 /* Dysgu */,
				B4116099239148EE007D8B42 /* Products */,
			);
			sourceTree = "<group>";
		};
		B4116099239148EE007D8B42 /* Products */ = {
			isa = PBXGroup;
			children = (
				B4116098239148EE007D8B42 /* Dysgu.app */,
			);
			name = Products;
			sourceTree = "<group>";
		};
		B411609A239148EE007D8B42 /* Dysgu */ = {
			isa = PBXGroup;
			children = (
				B41CF94523E21554005388B4 /* Model */,
				B41CF94623E2155F005388B4 /* View */,
				B41CF94723E21564005388B4 /* Controller */,
				B411609B239148EE007D8B42 /* AppDelegate.swift */,
				B411609D239148EE007D8B42 /* SceneDelegate.swift */,
				B41CF93823E21131005388B4 /* StackView.swift */,
				B41160A4239148EF007D8B42 /* Assets.xcassets */,
				B41160A6239148EF007D8B42 /* LaunchScreen.storyboard */,
				B41160A9239148EF007D8B42 /* Info.plist */,
			);
			path = Dysgu;
			sourceTree = "<group>";
		};
		B41CF94423E21543005388B4 /* Lesson */ = {
			isa = PBXGroup;
			children = (
				B41CF94C23E21F4B005388B4 /* LessonContentViewController.swift */,
				B41CF94A23E21F06005388B4 /* LessonTableViewController.swift */,
				B41CF94823E21EC3005388B4 /* LessonSelectViewController.swift */,
				B41CF94023E21509005388B4 /* QuizViewController.swift */,
			);
			path = Lesson;
			sourceTree = "<group>";
		};
		B41CF94523E21554005388B4 /* Model */ = {
			isa = PBXGroup;
			children = (
				B452593623CA68E600B9E63C /* Data Models */,
				B452592E23CA686B00B9E63C /* Networking */,
			);
			path = Model;
			sourceTree = "<group>";
		};
		B41CF94623E2155F005388B4 /* View */ = {
			isa = PBXGroup;
			children = (
				B452593523CA68CB00B9E63C /* Utilties */,
				B452592D23CA685500B9E63C /* Storyboards */,
			);
			path = View;
			sourceTree = "<group>";
		};
		B41CF94723E21564005388B4 /* Controller */ = {
			isa = PBXGroup;
			children = (
				B452592F23CA688600B9E63C /* ViewControllerScripts */,
			);
			path = Controller;
			sourceTree = "<group>";
		};
		B44102FA23D8E5340095F910 /* Social */ = {
			isa = PBXGroup;
			children = (
				B452592323CA560200B9E63C /* Social.storyboard */,
				B44102F523D8E43E0095F910 /* Groups.storyboard */,
				B44102F723D8E44B0095F910 /* Messages.storyboard */,
				B44102F323D8E3830095F910 /* Friends.storyboard */,
			);
			path = Social;
			sourceTree = "<group>";
		};
		B452592D23CA685500B9E63C /* Storyboards */ = {
			isa = PBXGroup;
			children = (
				B467BF1923E0E10F00C55FCD /* Lessons */,
				B44102FA23D8E5340095F910 /* Social */,
				B4E695FD23CE50C300B15D27 /* Settings.storyboard */,
				B44F582623CBCA52007935D2 /* Profile.storyboard */,
				B41160A1239148EE007D8B42 /* Main.storyboard */,
				B452592523CA61D400B9E63C /* Home.storyboard */,
				B452592923CA61F300B9E63C /* Challenge.storyboard */,
			);
			path = Storyboards;
			sourceTree = "<group>";
		};
		B452592E23CA686B00B9E63C /* Networking */ = {
			isa = PBXGroup;
			children = (
				B4888C0F23BEA8D6002AC424 /* ErrorResponse.swift */,
				B4413EAC23BE71F200951812 /* NetworkingService.swift */,
			);
			path = Networking;
			sourceTree = "<group>";
		};
		B452592F23CA688600B9E63C /* ViewControllerScripts */ = {
			isa = PBXGroup;
			children = (
				B4E6960123CE51B300B15D27 /* Settings */,
				B45DD9F123CD25C400E046FF /* Profile */,
				B452593423CA68B800B9E63C /* Main */,
				B452593323CA68AF00B9E63C /* Social */,
				B452593223CA68A900B9E63C /* Challenge */,
				B452593123CA68A400B9E63C /* Learn */,
				B452593023CA68A000B9E63C /* Home */,
			);
			path = ViewControllerScripts;
			sourceTree = "<group>";
		};
		B452593023CA68A000B9E63C /* Home */ = {
			isa = PBXGroup;
			children = (
				B4E695F523CE4A0A00B15D27 /* HomeViewController.swift */,
			);
			path = Home;
			sourceTree = "<group>";
		};
		B452593123CA68A400B9E63C /* Learn */ = {
			isa = PBXGroup;
			children = (
				B41CF94423E21543005388B4 /* Lesson */,
				B4E695F723CE4A2300B15D27 /* LearnViewController.swift */,
			);
			path = Learn;
			sourceTree = "<group>";
		};
		B452593223CA68A900B9E63C /* Challenge */ = {
			isa = PBXGroup;
			children = (
				B4E695F923CE4A3400B15D27 /* ChallengeViewController.swift */,
			);
			path = Challenge;
			sourceTree = "<group>";
		};
		B452593323CA68AF00B9E63C /* Social */ = {
			isa = PBXGroup;
			children = (
				B4EDD10F23DDB3F600FD4EF0 /* Messages */,
				B4EDD10E23DDB3D800FD4EF0 /* Friends */,
				B4E695FB23CE4A5100B15D27 /* SocialViewController.swift */,
			);
			path = Social;
			sourceTree = "<group>";
		};
		B452593423CA68B800B9E63C /* Main */ = {
			isa = PBXGroup;
			children = (
				B4888C0B23BE9FE8002AC424 /* LoginViewController.swift */,
				B4773E0E23C66D8100EC3026 /* RegistrationViewController.swift */,
				B45220F823CF9981006F247D /* TabBarController.swift */,
			);
			path = Main;
			sourceTree = "<group>";
		};
		B452593523CA68CB00B9E63C /* Utilties */ = {
			isa = PBXGroup;
			children = (
				B4773E0A23C6627900EC3026 /* AlertService.swift */,
			);
			path = Utilties;
			sourceTree = "<group>";
		};
		B452593623CA68E600B9E63C /* Data Models */ = {
			isa = PBXGroup;
			children = (
				B4888C0D23BEA36E002AC424 /* User.swift */,
				B45220FA23CF9B11006F247D /* Profile.swift */,
				B43C20A923D50BB600A4FA9D /* Friends.swift */,
				B4EDD11223DDBF8800FD4EF0 /* Messages.swift */,
			);
			path = "Data Models";
			sourceTree = "<group>";
		};
		B45DD9F123CD25C400E046FF /* Profile */ = {
			isa = PBXGroup;
			children = (
				B461BA6D23D2910D005B3065 /* ProfileNavigationController.swift */,
				B4E695F323CE484F00B15D27 /* ProfileViewController.swift */,
				B461BA6B23D27D06005B3065 /* ChangeUsernameViewController.swift */,
				B4D4B56D23D471C800F7EE1A /* ChangeAboutViewController.swift */,
			);
			path = Profile;
			sourceTree = "<group>";
		};
		B467BF1923E0E10F00C55FCD /* Lessons */ = {
			isa = PBXGroup;
			children = (
				B452592723CA61E500B9E63C /* Learn.storyboard */,
				B41CF93A23E212CC005388B4 /* Lesson.storyboard */,
				B467BF1C23E0E34000C55FCD /* LessonButton.swift */,
			);
			path = Lessons;
			sourceTree = "<group>";
		};
		B4E6960123CE51B300B15D27 /* Settings */ = {
			isa = PBXGroup;
			children = (
				B4E695FF23CE51B000B15D27 /* SettingsViewController.swift */,
			);
			path = Settings;
			sourceTree = "<group>";
		};
		B4EDD10E23DDB3D800FD4EF0 /* Friends */ = {
			isa = PBXGroup;
			children = (
				B4754EE623DB05E000F318D9 /* FriendAcceptViewController.swift */,
				B473073D23D7ACF400B31D0F /* FriendsViewController.swift */,
				B455470623D9D14700A5C482 /* SearchFriendViewController.swift */,
				B4F2E8CD23DA74400011CD5E /* FriendAddViewController.swift */,
				B455470823D9D16600A5C482 /* FriendProfileViewController.swift */,
			);
			path = Friends;
			sourceTree = "<group>";
		};
		B4EDD10F23DDB3F600FD4EF0 /* Messages */ = {
			isa = PBXGroup;
			children = (
				B4EDD11423DDD0D000FD4EF0 /* MessageViewController.swift */,
				B4EDD11023DDB40E00FD4EF0 /* MessagesViewController.swift */,
				B4EDD11623DE02CF00FD4EF0 /* ComposeViewController.swift */,
			);
			path = Messages;
			sourceTree = "<group>";
		};
/* End PBXGroup section */

/* Begin PBXNativeTarget section */
		B4116097239148EE007D8B42 /* Dysgu */ = {
			isa = PBXNativeTarget;
			buildConfigurationList = B41160AC239148EF007D8B42 /* Build configuration list for PBXNativeTarget "Dysgu" */;
			buildPhases = (
				B4116094239148EE007D8B42 /* Sources */,
				B4116095239148EE007D8B42 /* Frameworks */,
				B4116096239148EE007D8B42 /* Resources */,
			);
			buildRules = (
			);
			dependencies = (
			);
			name = Dysgu;
			productName = Dysgu;
			productReference = B4116098239148EE007D8B42 /* Dysgu.app */;
			productType = "com.apple.product-type.application";
		};
/* End PBXNativeTarget section */

/* Begin PBXProject section */
		B4116090239148EE007D8B42 /* Project object */ = {
			isa = PBXProject;
			attributes = {
				LastSwiftUpdateCheck = 1120;
				LastUpgradeCheck = 1120;
				ORGANIZATIONNAME = "Tomas Moore";
				TargetAttributes = {
					B4116097239148EE007D8B42 = {
						CreatedOnToolsVersion = 11.2.1;
					};
				};
			};
			buildConfigurationList = B4116093239148EE007D8B42 /* Build configuration list for PBXProject "Dysgu" */;
			compatibilityVersion = "Xcode 9.3";
			developmentRegion = en;
			hasScannedForEncodings = 0;
			knownRegions = (
				en,
				Base,
			);
			mainGroup = B411608F239148EE007D8B42;
			productRefGroup = B4116099239148EE007D8B42 /* Products */;
			projectDirPath = "";
			projectRoot = "";
			targets = (
				B4116097239148EE007D8B42 /* Dysgu */,
			);
		};
/* End PBXProject section */

/* Begin PBXResourcesBuildPhase section */
		B4116096239148EE007D8B42 /* Resources */ = {
			isa = PBXResourcesBuildPhase;
			buildActionMask = 2147483647;
			files = (
				B41160A8239148EF007D8B42 /* LaunchScreen.storyboard in Resources */,
				B452592823CA61E500B9E63C /* Learn.storyboard in Resources */,
				B44F582723CBCA52007935D2 /* Profile.storyboard in Resources */,
				B452592623CA61D400B9E63C /* Home.storyboard in Resources */,
				B41160A5239148EF007D8B42 /* Assets.xcassets in Resources */,
				B41CF93B23E212CC005388B4 /* Lesson.storyboard in Resources */,
				B41160A3239148EE007D8B42 /* Main.storyboard in Resources */,
				B44102F823D8E44B0095F910 /* Messages.storyboard in Resources */,
				B44102F423D8E3830095F910 /* Friends.storyboard in Resources */,
				B44102F623D8E43E0095F910 /* Groups.storyboard in Resources */,
				B4E695FE23CE50C300B15D27 /* Settings.storyboard in Resources */,
				B452592423CA560200B9E63C /* Social.storyboard in Resources */,
				B452592A23CA61F300B9E63C /* Challenge.storyboard in Resources */,
			);
			runOnlyForDeploymentPostprocessing = 0;
		};
/* End PBXResourcesBuildPhase section */

/* Begin PBXSourcesBuildPhase section */
		B4116094239148EE007D8B42 /* Sources */ = {
			isa = PBXSourcesBuildPhase;
			buildActionMask = 2147483647;
			files = (
				B4EDD11723DE02CF00FD4EF0 /* ComposeViewController.swift in Sources */,
				B41CF94123E21509005388B4 /* QuizViewController.swift in Sources */,
				B4888C0C23BE9FE8002AC424 /* LoginViewController.swift in Sources */,
				B411609C239148EE007D8B42 /* AppDelegate.swift in Sources */,
				B4EDD11123DDB40E00FD4EF0 /* MessagesViewController.swift in Sources */,
				B455470723D9D14700A5C482 /* SearchFriendViewController.swift in Sources */,
				B41CF93923E21131005388B4 /* StackView.swift in Sources */,
				B4E695FC23CE4A5100B15D27 /* SocialViewController.swift in Sources */,
				B455470923D9D16600A5C482 /* FriendProfileViewController.swift in Sources */,
				B4EDD11523DDD0D000FD4EF0 /* MessageViewController.swift in Sources */,
				B43C20AA23D50BB600A4FA9D /* Friends.swift in Sources */,
				B473073E23D7ACF400B31D0F /* FriendsViewController.swift in Sources */,
				B45220F923CF9981006F247D /* TabBarController.swift in Sources */,
				B4F2E8CE23DA74400011CD5E /* FriendAddViewController.swift in Sources */,
				B4EDD11323DDBF8800FD4EF0 /* Messages.swift in Sources */,
				B41CF94B23E21F06005388B4 /* LessonTableViewController.swift in Sources */,
				B41CF94D23E21F4B005388B4 /* LessonContentViewController.swift in Sources */,
				B41CF94923E21EC3005388B4 /* LessonSelectViewController.swift in Sources */,
				B4773E0F23C66D8100EC3026 /* RegistrationViewController.swift in Sources */,
				B4773E0B23C6627900EC3026 /* AlertService.swift in Sources */,
				B411609E239148EE007D8B42 /* SceneDelegate.swift in Sources */,
				B4754EE723DB05E000F318D9 /* FriendAcceptViewController.swift in Sources */,
				B461BA6E23D2910D005B3065 /* ProfileNavigationController.swift in Sources */,
				B4E695F623CE4A0A00B15D27 /* HomeViewController.swift in Sources */,
				B4E695F823CE4A2300B15D27 /* LearnViewController.swift in Sources */,
				B4D4B56E23D471C800F7EE1A /* ChangeAboutViewController.swift in Sources */,
				B45220FB23CF9B11006F247D /* Profile.swift in Sources */,
				B4888C1023BEA8D6002AC424 /* ErrorResponse.swift in Sources */,
				B4E6960023CE51B000B15D27 /* SettingsViewController.swift in Sources */,
				B4E695F423CE484F00B15D27 /* ProfileViewController.swift in Sources */,
				B4888C0E23BEA36E002AC424 /* User.swift in Sources */,
				B4E695FA23CE4A3400B15D27 /* ChallengeViewController.swift in Sources */,
				B467BF1D23E0E34000C55FCD /* LessonButton.swift in Sources */,
				B461BA6C23D27D06005B3065 /* ChangeUsernameViewController.swift in Sources */,
				B4413EAD23BE71F200951812 /* NetworkingService.swift in Sources */,
			);
			runOnlyForDeploymentPostprocessing = 0;
		};
/* End PBXSourcesBuildPhase section */

/* Begin PBXVariantGroup section */
		B41160A1239148EE007D8B42 /* Main.storyboard */ = {
			isa = PBXVariantGroup;
			children = (
				B41160A2239148EE007D8B42 /* Base */,
			);
			name = Main.storyboard;
			sourceTree = "<group>";
		};
		B41160A6239148EF007D8B42 /* LaunchScreen.storyboard */ = {
			isa = PBXVariantGroup;
			children = (
				B41160A7239148EF007D8B42 /* Base */,
			);
			name = LaunchScreen.storyboard;
			sourceTree = "<group>";
		};
/* End PBXVariantGroup section */

/* Begin XCBuildConfiguration section */
		B41160AA239148EF007D8B42 /* Debug */ = {
			isa = XCBuildConfiguration;
			buildSettings = {
				ALWAYS_SEARCH_USER_PATHS = NO;
				CLANG_ANALYZER_NONNULL = YES;
				CLANG_ANALYZER_NUMBER_OBJECT_CONVERSION = YES_AGGRESSIVE;
				CLANG_CXX_LANGUAGE_STANDARD = "gnu++14";
				CLANG_CXX_LIBRARY = "libc++";
				CLANG_ENABLE_MODULES = YES;
				CLANG_ENABLE_OBJC_ARC = YES;
				CLANG_ENABLE_OBJC_WEAK = YES;
				CLANG_WARN_BLOCK_CAPTURE_AUTORELEASING = YES;
				CLANG_WARN_BOOL_CONVERSION = YES;
				CLANG_WARN_COMMA = YES;
				CLANG_WARN_CONSTANT_CONVERSION = YES;
				CLANG_WARN_DEPRECATED_OBJC_IMPLEMENTATIONS = YES;
				CLANG_WARN_DIRECT_OBJC_ISA_USAGE = YES_ERROR;
				CLANG_WARN_DOCUMENTATION_COMMENTS = YES;
				CLANG_WARN_EMPTY_BODY = YES;
				CLANG_WARN_ENUM_CONVERSION = YES;
				CLANG_WARN_INFINITE_RECURSION = YES;
				CLANG_WARN_INT_CONVERSION = YES;
				CLANG_WARN_NON_LITERAL_NULL_CONVERSION = YES;
				CLANG_WARN_OBJC_IMPLICIT_RETAIN_SELF = YES;
				CLANG_WARN_OBJC_LITERAL_CONVERSION = YES;
				CLANG_WARN_OBJC_ROOT_CLASS = YES_ERROR;
				CLANG_WARN_RANGE_LOOP_ANALYSIS = YES;
				CLANG_WARN_STRICT_PROTOTYPES = YES;
				CLANG_WARN_SUSPICIOUS_MOVE = YES;
				CLANG_WARN_UNGUARDED_AVAILABILITY = YES_AGGRESSIVE;
				CLANG_WARN_UNREACHABLE_CODE = YES;
				CLANG_WARN__DUPLICATE_METHOD_MATCH = YES;
				COPY_PHASE_STRIP = NO;
				DEBUG_INFORMATION_FORMAT = dwarf;
				ENABLE_STRICT_OBJC_MSGSEND = YES;
				ENABLE_TESTABILITY = YES;
				GCC_C_LANGUAGE_STANDARD = gnu11;
				GCC_DYNAMIC_NO_PIC = NO;
				GCC_NO_COMMON_BLOCKS = YES;
				GCC_OPTIMIZATION_LEVEL = 0;
				GCC_PREPROCESSOR_DEFINITIONS = (
					"DEBUG=1",
					"$(inherited)",
				);
				GCC_WARN_64_TO_32_BIT_CONVERSION = YES;
				GCC_WARN_ABOUT_RETURN_TYPE = YES_ERROR;
				GCC_WARN_UNDECLARED_SELECTOR = YES;
				GCC_WARN_UNINITIALIZED_AUTOS = YES_AGGRESSIVE;
				GCC_WARN_UNUSED_FUNCTION = YES;
				GCC_WARN_UNUSED_VARIABLE = YES;
				IPHONEOS_DEPLOYMENT_TARGET = 13.2;
				MTL_ENABLE_DEBUG_INFO = INCLUDE_SOURCE;
				MTL_FAST_MATH = YES;
				ONLY_ACTIVE_ARCH = YES;
				SDKROOT = iphoneos;
				SWIFT_ACTIVE_COMPILATION_CONDITIONS = DEBUG;
				SWIFT_OPTIMIZATION_LEVEL = "-Onone";
			};
			name = Debug;
		};
		B41160AB239148EF007D8B42 /* Release */ = {
			isa = XCBuildConfiguration;
			buildSettings = {
				ALWAYS_SEARCH_USER_PATHS = NO;
				CLANG_ANALYZER_NONNULL = YES;
				CLANG_ANALYZER_NUMBER_OBJECT_CONVERSION = YES_AGGRESSIVE;
				CLANG_CXX_LANGUAGE_STANDARD = "gnu++14";
				CLANG_CXX_LIBRARY = "libc++";
				CLANG_ENABLE_MODULES = YES;
				CLANG_ENABLE_OBJC_ARC = YES;
				CLANG_ENABLE_OBJC_WEAK = YES;
				CLANG_WARN_BLOCK_CAPTURE_AUTORELEASING = YES;
				CLANG_WARN_BOOL_CONVERSION = YES;
				CLANG_WARN_COMMA = YES;
				CLANG_WARN_CONSTANT_CONVERSION = YES;
				CLANG_WARN_DEPRECATED_OBJC_IMPLEMENTATIONS = YES;
				CLANG_WARN_DIRECT_OBJC_ISA_USAGE = YES_ERROR;
				CLANG_WARN_DOCUMENTATION_COMMENTS = YES;
				CLANG_WARN_EMPTY_BODY = YES;
				CLANG_WARN_ENUM_CONVERSION = YES;
				CLANG_WARN_INFINITE_RECURSION = YES;
				CLANG_WARN_INT_CONVERSION = YES;
				CLANG_WARN_NON_LITERAL_NULL_CONVERSION = YES;
				CLANG_WARN_OBJC_IMPLICIT_RETAIN_SELF = YES;
				CLANG_WARN_OBJC_LITERAL_CONVERSION = YES;
				CLANG_WARN_OBJC_ROOT_CLASS = YES_ERROR;
				CLANG_WARN_RANGE_LOOP_ANALYSIS = YES;
				CLANG_WARN_STRICT_PROTOTYPES = YES;
				CLANG_WARN_SUSPICIOUS_MOVE = YES;
				CLANG_WARN_UNGUARDED_AVAILABILITY = YES_AGGRESSIVE;
				CLANG_WARN_UNREACHABLE_CODE = YES;
				CLANG_WARN__DUPLICATE_METHOD_MATCH = YES;
				COPY_PHASE_STRIP = NO;
				DEBUG_INFORMATION_FORMAT = "dwarf-with-dsym";
				ENABLE_NS_ASSERTIONS = NO;
				ENABLE_STRICT_OBJC_MSGSEND = YES;
				GCC_C_LANGUAGE_STANDARD = gnu11;
				GCC_NO_COMMON_BLOCKS = YES;
				GCC_WARN_64_TO_32_BIT_CONVERSION = YES;
				GCC_WARN_ABOUT_RETURN_TYPE = YES_ERROR;
				GCC_WARN_UNDECLARED_SELECTOR = YES;
				GCC_WARN_UNINITIALIZED_AUTOS = YES_AGGRESSIVE;
				GCC_WARN_UNUSED_FUNCTION = YES;
				GCC_WARN_UNUSED_VARIABLE = YES;
				IPHONEOS_DEPLOYMENT_TARGET = 13.2;
				MTL_ENABLE_DEBUG_INFO = NO;
				MTL_FAST_MATH = YES;
				SDKROOT = iphoneos;
				SWIFT_COMPILATION_MODE = wholemodule;
				SWIFT_OPTIMIZATION_LEVEL = "-O";
				VALIDATE_PRODUCT = YES;
			};
			name = Release;
		};
		B41160AD239148EF007D8B42 /* Debug */ = {
			isa = XCBuildConfiguration;
			buildSettings = {
				ASSETCATALOG_COMPILER_APPICON_NAME = AppIcon;
				CODE_SIGN_STYLE = Automatic;
				DEVELOPMENT_TEAM = AVZXCYHD86;
				INFOPLIST_FILE = Dysgu/Info.plist;
				LD_RUNPATH_SEARCH_PATHS = (
					"$(inherited)",
					"@executable_path/Frameworks",
				);
				PRODUCT_BUNDLE_IDENTIFIER = "Tomas-Moore.Dysgu";
				PRODUCT_NAME = "$(TARGET_NAME)";
				SWIFT_VERSION = 5.0;
				TARGETED_DEVICE_FAMILY = 1;
			};
			name = Debug;
		};
		B41160AE239148EF007D8B42 /* Release */ = {
			isa = XCBuildConfiguration;
			buildSettings = {
				ASSETCATALOG_COMPILER_APPICON_NAME = AppIcon;
				CODE_SIGN_STYLE = Automatic;
				DEVELOPMENT_TEAM = AVZXCYHD86;
				INFOPLIST_FILE = Dysgu/Info.plist;
				LD_RUNPATH_SEARCH_PATHS = (
					"$(inherited)",
					"@executable_path/Frameworks",
				);
				PRODUCT_BUNDLE_IDENTIFIER = "Tomas-Moore.Dysgu";
				PRODUCT_NAME = "$(TARGET_NAME)";
				SWIFT_VERSION = 5.0;
				TARGETED_DEVICE_FAMILY = 1;
			};
			name = Release;
		};
/* End XCBuildConfiguration section */

/* Begin XCConfigurationList section */
		B4116093239148EE007D8B42 /* Build configuration list for PBXProject "Dysgu" */ = {
			isa = XCConfigurationList;
			buildConfigurations = (
				B41160AA239148EF007D8B42 /* Debug */,
				B41160AB239148EF007D8B42 /* Release */,
			);
			defaultConfigurationIsVisible = 0;
			defaultConfigurationName = Release;
		};
		B41160AC239148EF007D8B42 /* Build configuration list for PBXNativeTarget "Dysgu" */ = {
			isa = XCConfigurationList;
			buildConfigurations = (
				B41160AD239148EF007D8B42 /* Debug */,
				B41160AE239148EF007D8B42 /* Release */,
			);
			defaultConfigurationIsVisible = 0;
			defaultConfigurationName = Release;
		};
/* End XCConfigurationList section */
	};
	rootObject = B4116090239148EE007D8B42 /* Project object */;
}
